// !$*UTF8*$!
{
	archiveVersion = 1;
	classes = {
	};
	objectVersion = 46;
	objects = {

/* Begin PBXBuildFile section */
		8CFD4D4F1D7D61D600DB8AAA /* main.m in Sources */ = {isa = PBXBuildFile; fileRef = 8CFD4D4E1D7D61D600DB8AAA /* main.m */; };
		8CFD4D521D7D61D600DB8AAA /* AppDelegate.m in Sources */ = {isa = PBXBuildFile; fileRef = 8CFD4D511D7D61D600DB8AAA /* AppDelegate.m */; };
		8CFD4D551D7D61D600DB8AAA /* ViewController.m in Sources */ = {isa = PBXBuildFile; fileRef = 8CFD4D541D7D61D600DB8AAA /* ViewController.m */; };
		8CFD4D581D7D61D600DB8AAA /* Main.storyboard in Resources */ = {isa = PBXBuildFile; fileRef = 8CFD4D561D7D61D600DB8AAA /* Main.storyboard */; };
		8CFD4D5A1D7D61D600DB8AAA /* Assets.xcassets in Resources */ = {isa = PBXBuildFile; fileRef = 8CFD4D591D7D61D600DB8AAA /* Assets.xcassets */; };
		8CFD4D5D1D7D61D600DB8AAA /* LaunchScreen.storyboard in Resources */ = {isa = PBXBuildFile; fileRef = 8CFD4D5B1D7D61D600DB8AAA /* LaunchScreen.storyboard */; };
		8CFD4D681D7D61D600DB8AAA /* XcodeColorsDemoTests.m in Sources */ = {isa = PBXBuildFile; fileRef = 8CFD4D671D7D61D600DB8AAA /* XcodeColorsDemoTests.m */; };
		8CFD4D731D7D61D600DB8AAA /* XcodeColorsDemoUITests.m in Sources */ = {isa = PBXBuildFile; fileRef = 8CFD4D721D7D61D600DB8AAA /* XcodeColorsDemoUITests.m */; };
/* End PBXBuildFile section */

/* Begin PBXContainerItemProxy section */
		8CFD4D641D7D61D600DB8AAA /* PBXContainerItemProxy */ = {
			isa = PBXContainerItemProxy;
			containerPortal = 8CFD4D421D7D61D600DB8AAA /* Project object */;
			proxyType = 1;
			remoteGlobalIDString = 8CFD4D491D7D61D600DB8AAA;
			remoteInfo = XcodeColorsDemo;
		};
		8CFD4D6F1D7D61D600DB8AAA /* PBXContainerItemProxy */ = {
			isa = PBXContainerItemProxy;
			containerPortal = 8CFD4D421D7D61D600DB8AAA /* Project object */;
			proxyType = 1;
			remoteGlobalIDString = 8CFD4D491D7D61D600DB8AAA;
			remoteInfo = XcodeColorsDemo;
		};
/* End PBXContainerItemProxy section */

/* Begin PBXFileReference section */
		8CFD4D4A1D7D61D600DB8AAA /* XcodeColorsDemo.app */ = {isa = PBXFileReference; explicitFileType = wrapper.application; includeInIndex = 0; path = XcodeColorsDemo.app; sourceTree = BUILT_PRODUCTS_DIR; };
		8CFD4D4E1D7D61D600DB8AAA /* main.m */ = {isa = PBXFileReference; lastKnownFileType = sourcecode.c.objc; path = main.m; sourceTree = "<group>"; };
		8CFD4D501D7D61D600DB8AAA /* AppDelegate.h */ = {isa = PBXFileReference; lastKnownFileType = sourcecode.c.h; path = AppDelegate.h; sourceTree = "<group>"; };
		8CFD4D511D7D61D600DB8AAA /* AppDelegate.m */ = {isa = PBXFileReference; lastKnownFileType = sourcecode.c.objc; path = AppDelegate.m; sourceTree = "<group>"; };
		8CFD4D531D7D61D600DB8AAA /* ViewController.h */ = {isa = PBXFileReference; lastKnownFileType = sourcecode.c.h; path = ViewController.h; sourceTree = "<group>"; };
		8CFD4D541D7D61D600DB8AAA /* ViewController.m */ = {isa = PBXFileReference; lastKnownFileType = sourcecode.c.objc; path = ViewController.m; sourceTree = "<group>"; };
		8CFD4D571D7D61D600DB8AAA /* Base */ = {isa = PBXFileReference; lastKnownFileType = file.storyboard; name = Base; path = Base.lproj/Main.storyboard; sourceTree = "<group>"; };
		8CFD4D591D7D61D600DB8AAA /* Assets.xcassets */ = {isa = PBXFileReference; lastKnownFileType = folder.assetcatalog; path = Assets.xcassets; sourceTree = "<group>"; };
		8CFD4D5C1D7D61D600DB8AAA /* Base */ = {isa = PBXFileReference; lastKnownFileType = file.storyboard; name = Base; path = Base.lproj/LaunchScreen.storyboard; sourceTree = "<group>"; };
		8CFD4D5E1D7D61D600DB8AAA /* Info.plist */ = {isa = PBXFileReference; lastKnownFileType = text.plist.xml; path = Info.plist; sourceTree = "<group>"; };
		8CFD4D631D7D61D600DB8AAA /* XcodeColorsDemoTests.xctest */ = {isa = PBXFileReference; explicitFileType = wrapper.cfbundle; includeInIndex = 0; path = XcodeColorsDemoTests.xctest; sourceTree = BUILT_PRODUCTS_DIR; };
		8CFD4D671D7D61D600DB8AAA /* XcodeColorsDemoTests.m */ = {isa = PBXFileReference; lastKnownFileType = sourcecode.c.objc; path = XcodeColorsDemoTests.m; sourceTree = "<group>"; };
		8CFD4D691D7D61D600DB8AAA /* Info.plist */ = {isa = PBXFileReference; lastKnownFileType = text.plist.xml; path = Info.plist; sourceTree = "<group>"; };
		8CFD4D6E1D7D61D600DB8AAA /* XcodeColorsDemoUITests.xctest */ = {isa = PBXFileReference; explicitFileType = wrapper.cfbundle; includeInIndex = 0; path = XcodeColorsDemoUITests.xctest; sourceTree = BUILT_PRODUCTS_DIR; };
		8CFD4D721D7D61D600DB8AAA /* XcodeColorsDemoUITests.m */ = {isa = PBXFileReference; lastKnownFileType = sourcecode.c.objc; path = XcodeColorsDemoUITests.m; sourceTree = "<group>"; };
		8CFD4D741D7D61D600DB8AAA /* Info.plist */ = {isa = PBXFileReference; lastKnownFileType = text.plist.xml; path = Info.plist; sourceTree = "<group>"; };
		8CFD4D801D7D6ACB00DB8AAA /* HCLog.h */ = {isa = PBXFileReference; lastKnownFileType = sourcecode.c.h; path = HCLog.h; sourceTree = "<group>"; };
/* End PBXFileReference section */

/* Begin PBXFrameworksBuildPhase section */
		8CFD4D471D7D61D600DB8AAA /* Frameworks */ = {
			isa = PBXFrameworksBuildPhase;
			buildActionMask = 2147483647;
			files = (
			);
			runOnlyForDeploymentPostprocessing = 0;
		};
		8CFD4D601D7D61D600DB8AAA /* Frameworks */ = {
			isa = PBXFrameworksBuildPhase;
			buildActionMask = 2147483647;
			files = (
			);
			runOnlyForDeploymentPostprocessing = 0;
		};
		8CFD4D6B1D7D61D600DB8AAA /* Frameworks */ = {
			isa = PBXFrameworksBuildPhase;
			buildActionMask = 2147483647;
			files = (
			);
			runOnlyForDeploymentPostprocessing = 0;
		};
/* End PBXFrameworksBuildPhase section */

/* Begin PBXGroup section */
		8CFD4D411D7D61D600DB8AAA = {
			isa = PBXGroup;
			children = (
				8CFD4D4C1D7D61D600DB8AAA /* XcodeColorsDemo */,
				8CFD4D661D7D61D600DB8AAA /* XcodeColorsDemoTests */,
				8CFD4D711D7D61D600DB8AAA /* XcodeColorsDemoUITests */,
				8CFD4D4B1D7D61D600DB8AAA /* Products */,
			);
			sourceTree = "<group>";
		};
		8CFD4D4B1D7D61D600DB8AAA /* Products */ = {
			isa = PBXGroup;
			children = (
				8CFD4D4A1D7D61D600DB8AAA /* XcodeColorsDemo.app */,
				8CFD4D631D7D61D600DB8AAA /* XcodeColorsDemoTests.xctest */,
				8CFD4D6E1D7D61D600DB8AAA /* XcodeColorsDemoUITests.xctest */,
			);
			name = Products;
			sourceTree = "<group>";
		};
		8CFD4D4C1D7D61D600DB8AAA /* XcodeColorsDemo */ = {
			isa = PBXGroup;
			children = (
				8CFD4D801D7D6ACB00DB8AAA /* HCLog.h */,
				8CFD4D501D7D61D600DB8AAA /* AppDelegate.h */,
				8CFD4D511D7D61D600DB8AAA /* AppDelegate.m */,
				8CFD4D531D7D61D600DB8AAA /* ViewController.h */,
				8CFD4D541D7D61D600DB8AAA /* ViewController.m */,
				8CFD4D561D7D61D600DB8AAA /* Main.storyboard */,
				8CFD4D591D7D61D600DB8AAA /* Assets.xcassets */,
				8CFD4D5B1D7D61D600DB8AAA /* LaunchScreen.storyboard */,
				8CFD4D5E1D7D61D600DB8AAA /* Info.plist */,
				8CFD4D4D1D7D61D600DB8AAA /* Supporting Files */,
			);
			path = XcodeColorsDemo;
			sourceTree = "<group>";
		};
		8CFD4D4D1D7D61D600DB8AAA /* Supporting Files */ = {
			isa = PBXGroup;
			children = (
				8CFD4D4E1D7D61D600DB8AAA /* main.m */,
			);
			name = "Supporting Files";
			sourceTree = "<group>";
		};
		8CFD4D661D7D61D600DB8AAA /* XcodeColorsDemoTests */ = {
			isa = PBXGroup;
			children = (
				8CFD4D671D7D61D600DB8AAA /* XcodeColorsDemoTests.m */,
				8CFD4D691D7D61D600DB8AAA /* Info.plist */,
			);
			path = XcodeColorsDemoTests;
			sourceTree = "<group>";
		};
		8CFD4D711D7D61D600DB8AAA /* XcodeColorsDemoUITests */ = {
			isa = PBXGroup;
			children = (
				8CFD4D721D7D61D600DB8AAA /* XcodeColorsDemoUITests.m */,
				8CFD4D741D7D61D600DB8AAA /* Info.plist */,
			);
			path = XcodeColorsDemoUITests;
			sourceTree = "<group>";
		};
/* End PBXGroup section */

/* Begin PBXNativeTarget section */
		8CFD4D491D7D61D600DB8AAA /* XcodeColorsDemo */ = {
			isa = PBXNativeTarget;
			buildConfigurationList = 8CFD4D771D7D61D600DB8AAA /* Build configuration list for PBXNativeTarget "XcodeColorsDemo" */;
			buildPhases = (
				8CFD4D461D7D61D600DB8AAA /* Sources */,
				8CFD4D471D7D61D600DB8AAA /* Frameworks */,
				8CFD4D481D7D61D600DB8AAA /* Resources */,
			);
			buildRules = (
			);
			dependencies = (
			);
			name = XcodeColorsDemo;
			productName = XcodeColorsDemo;
			productReference = 8CFD4D4A1D7D61D600DB8AAA /* XcodeColorsDemo.app */;
			productType = "com.apple.product-type.application";
		};
		8CFD4D621D7D61D600DB8AAA /* XcodeColorsDemoTests */ = {
			isa = PBXNativeTarget;
			buildConfigurationList = 8CFD4D7A1D7D61D600DB8AAA /* Build configuration list for PBXNativeTarget "XcodeColorsDemoTests" */;
			buildPhases = (
				8CFD4D5F1D7D61D600DB8AAA /* Sources */,
				8CFD4D601D7D61D600DB8AAA /* Frameworks */,
				8CFD4D611D7D61D600DB8AAA /* Resources */,
			);
			buildRules = (
			);
			dependencies = (
				8CFD4D651D7D61D600DB8AAA /* PBXTargetDependency */,
			);
			name = XcodeColorsDemoTests;
			productName = XcodeColorsDemoTests;
			productReference = 8CFD4D631D7D61D600DB8AAA /* XcodeColorsDemoTests.xctest */;
			productType = "com.apple.product-type.bundle.unit-test";
		};
		8CFD4D6D1D7D61D600DB8AAA /* XcodeColorsDemoUITests */ = {
			isa = PBXNativeTarget;
			buildConfigurationList = 8CFD4D7D1D7D61D600DB8AAA /* Build configuration list for PBXNativeTarget "XcodeColorsDemoUITests" */;
			buildPhases = (
				8CFD4D6A1D7D61D600DB8AAA /* Sources */,
				8CFD4D6B1D7D61D600DB8AAA /* Frameworks */,
				8CFD4D6C1D7D61D600DB8AAA /* Resources */,
			);
			buildRules = (
			);
			dependencies = (
				8CFD4D701D7D61D600DB8AAA /* PBXTargetDependency */,
			);
			name = XcodeColorsDemoUITests;
			productName = XcodeColorsDemoUITests;
			productReference = 8CFD4D6E1D7D61D600DB8AAA /* XcodeColorsDemoUITests.xctest */;
			productType = "com.apple.product-type.bundle.ui-testing";
		};
/* End PBXNativeTarget section */

/* Begin PBXProject section */
		8CFD4D421D7D61D600DB8AAA /* Project object */ = {
			isa = PBXProject;
			attributes = {
				LastUpgradeCheck = 0720;
				ORGANIZATIONNAME = Jentle;
				TargetAttributes = {
					8CFD4D491D7D61D600DB8AAA = {
						CreatedOnToolsVersion = 7.2;
						DevelopmentTeam = ZRH7G9EDH6;
					};
					8CFD4D621D7D61D600DB8AAA = {
						CreatedOnToolsVersion = 7.2;
						DevelopmentTeam = ZRH7G9EDH6;
						TestTargetID = 8CFD4D491D7D61D600DB8AAA;
					};
					8CFD4D6D1D7D61D600DB8AAA = {
						CreatedOnToolsVersion = 7.2;
						DevelopmentTeam = ZRH7G9EDH6;
						TestTargetID = 8CFD4D491D7D61D600DB8AAA;
					};
				};
			};
			buildConfigurationList = 8CFD4D451D7D61D600DB8AAA /* Build configuration list for PBXProject "XcodeColorsDemo" */;
			compatibilityVersion = "Xcode 3.2";
			developmentRegion = English;
			hasScannedForEncodings = 0;
			knownRegions = (
				en,
				Base,
			);
			mainGroup = 8CFD4D411D7D61D600DB8AAA;
			productRefGroup = 8CFD4D4B1D7D61D600DB8AAA /* Products */;
			projectDirPath = "";
			projectRoot = "";
			targets = (
				8CFD4D491D7D61D600DB8AAA /* XcodeColorsDemo */,
				8CFD4D621D7D61D600DB8AAA /* XcodeColorsDemoTests */,
				8CFD4D6D1D7D61D600DB8AAA /* XcodeColorsDemoUITests */,
			);
		};
/* End PBXProject section */

/* Begin PBXResourcesBuildPhase section */
		8CFD4D481D7D61D600DB8AAA /* Resources */ = {
			isa = PBXResourcesBuildPhase;
			buildActionMask = 2147483647;
			files = (
				8CFD4D5D1D7D61D600DB8AAA /* LaunchScreen.storyboard in Resources */,
				8CFD4D5A1D7D61D600DB8AAA /* Assets.xcassets in Resources */,
				8CFD4D581D7D61D600DB8AAA /* Main.storyboard in Resources */,
			);
			runOnlyForDeploymentPostprocessing = 0;
		};
		8CFD4D611D7D61D600DB8AAA /* Resources */ = {
			isa = PBXResourcesBuildPhase;
			buildActionMask = 2147483647;
			files = (
			);
			runOnlyForDeploymentPostprocessing = 0;
		};
		8CFD4D6C1D7D61D600DB8AAA /* Resources */ = {
			isa = PBXResourcesBuildPhase;
			buildActionMask = 2147483647;
			files = (
			);
			runOnlyForDeploymentPostprocessing = 0;
		};
/* End PBXResourcesBuildPhase section */

/* Begin PBXSourcesBuildPhase section */
		8CFD4D461D7D61D600DB8AAA /* Sources */ = {
			isa = PBXSourcesBuildPhase;
			buildActionMask = 2147483647;
			files = (
				8CFD4D551D7D61D600DB8AAA /* ViewController.m in Sources */,
				8CFD4D521D7D61D600DB8AAA /* AppDelegate.m in Sources */,
				8CFD4D4F1D7D61D600DB8AAA /* main.m in Sources */,
			);
			runOnlyForDeploymentPostprocessing = 0;
		};
		8CFD4D5F1D7D61D600DB8AAA /* Sources */ = {
			isa = PBXSourcesBuildPhase;
			buildActionMask = 2147483647;
			files = (
				8CFD4D681D7D61D600DB8AAA /* XcodeColorsDemoTests.m in Sources */,
			);
			runOnlyForDeploymentPostprocessing = 0;
		};
		8CFD4D6A1D7D61D600DB8AAA /* Sources */ = {
			isa = PBXSourcesBuildPhase;
			buildActionMask = 2147483647;
			files = (
				8CFD4D731D7D61D600DB8AAA /* XcodeColorsDemoUITests.m in Sources */,
			);
			runOnlyForDeploymentPostprocessing = 0;
		};
/* End PBXSourcesBuildPhase section */

/* Begin PBXTargetDependency section */
		8CFD4D651D7D61D600DB8AAA /* PBXTargetDependency */ = {
			isa = PBXTargetDependency;
			target = 8CFD4D491D7D61D600DB8AAA /* XcodeColorsDemo */;
			targetProxy = 8CFD4D641D7D61D600DB8AAA /* PBXContainerItemProxy */;
		};
		8CFD4D701D7D61D600DB8AAA /* PBXTargetDependency */ = {
			isa = PBXTargetDependency;
			target = 8CFD4D491D7D61D600DB8AAA /* XcodeColorsDemo */;
			targetProxy = 8CFD4D6F1D7D61D600DB8AAA /* PBXContainerItemProxy */;
		};
/* End PBXTargetDependency section */

/* Begin PBXVariantGroup section */
		8CFD4D561D7D61D600DB8AAA /* Main.storyboard */ = {
			isa = PBXVariantGroup;
			children = (
				8CFD4D571D7D61D600DB8AAA /* Base */,
			);
			name = Main.storyboard;
			sourceTree = "<group>";
		};
		8CFD4D5B1D7D61D600DB8AAA /* LaunchScreen.storyboard */ = {
			isa = PBXVariantGroup;
			children = (
				8CFD4D5C1D7D61D600DB8AAA /* Base */,
			);
			name = LaunchScreen.storyboard;
			sourceTree = "<group>";
		};
/* End PBXVariantGroup section */

/* Begin XCBuildConfiguration section */
		8CFD4D751D7D61D600DB8AAA /* Debug */ = {
			isa = XCBuildConfiguration;
			buildSettings = {
				ALWAYS_SEARCH_USER_PATHS = NO;
				CLANG_CXX_LANGUAGE_STANDARD = "gnu++0x";
				CLANG_CXX_LIBRARY = "libc++";
				CLANG_ENABLE_MODULES = YES;
				CLANG_ENABLE_OBJC_ARC = YES;
				CLANG_WARN_BOOL_CONVERSION = YES;
				CLANG_WARN_CONSTANT_CONVERSION = YES;
				CLANG_WARN_DIRECT_OBJC_ISA_USAGE = YES_ERROR;
				CLANG_WARN_EMPTY_BODY = YES;
				CLANG_WARN_ENUM_CONVERSION = YES;
				CLANG_WARN_INT_CONVERSION = YES;
				CLANG_WARN_OBJC_ROOT_CLASS = YES_ERROR;
				CLANG_WARN_UNREACHABLE_CODE = YES;
				CLANG_WARN__DUPLICATE_METHOD_MATCH = YES;
				"CODE_SIGN_IDENTITY[sdk=iphoneos*]" = "iPhone Developer";
				COPY_PHASE_STRIP = NO;
				DEBUG_INFORMATION_FORMAT = dwarf;
				ENABLE_STRICT_OBJC_MSGSEND = YES;
				ENABLE_TESTABILITY = YES;
				GCC_C_LANGUAGE_STANDARD = gnu99;
				GCC_DYNAMIC_NO_PIC = NO;
				GCC_NO_COMMON_BLOCKS = YES;
				GCC_OPTIMIZATION_LEVEL = 0;
				GCC_PREPROCESSOR_DEFINITIONS = (
					"DEBUG=1",
					"$(inherited)",
				);
				GCC_WARN_64_TO_32_BIT_CONVERSION = YES;
				GCC_WARN_ABOUT_RETURN_TYPE = YES_ERROR;
				GCC_WARN_UNDECLARED_SELECTOR = YES;
				GCC_WARN_UNINITIALIZED_AUTOS = YES_AGGRESSIVE;
				GCC_WARN_UNUSED_FUNCTION = YES;
				GCC_WARN_UNUSED_VARIABLE = YES;
				IPHONEOS_DEPLOYMENT_TARGET = 9.2;
				MTL_ENABLE_DEBUG_INFO = YES;
				ONLY_ACTIVE_ARCH = YES;
				SDKROOT = iphoneos;
			};
			name = Debug;
		};
		8CFD4D761D7D61D600DB8AAA /* Release */ = {
			isa = XCBuildConfiguration;
			buildSettings = {
				ALWAYS_SEARCH_USER_PATHS = NO;
				CLANG_CXX_LANGUAGE_STANDARD = "gnu++0x";
				CLANG_CXX_LIBRARY = "libc++";
				CLANG_ENABLE_MODULES = YES;
				CLANG_ENABLE_OBJC_ARC = YES;
				CLANG_WARN_BOOL_CONVERSION = YES;
				CLANG_WARN_CONSTANT_CONVERSION = YES;
				CLANG_WARN_DIRECT_OBJC_ISA_USAGE = YES_ERROR;
				CLANG_WARN_EMPTY_BODY = YES;
				CLANG_WARN_ENUM_CONVERSION = YES;
				CLANG_WARN_INT_CONVERSION = YES;
				CLANG_WARN_OBJC_ROOT_CLASS = YES_ERROR;
				CLANG_WARN_UNREACHABLE_CODE = YES;
				CLANG_WARN__DUPLICATE_METHOD_MATCH = YES;
				"CODE_SIGN_IDENTITY[sdk=iphoneos*]" = "iPhone Developer";
				COPY_PHASE_STRIP = NO;
				DEBUG_INFORMATION_FORMAT = "dwarf-with-dsym";
				ENABLE_NS_ASSERTIONS = NO;
				ENABLE_STRICT_OBJC_MSGSEND = YES;
				GCC_C_LANGUAGE_STANDARD = gnu99;
				GCC_NO_COMMON_BLOCKS = YES;
				GCC_WARN_64_TO_32_BIT_CONVERSION = YES;
				GCC_WARN_ABOUT_RETURN_TYPE = YES_ERROR;
				GCC_WARN_UNDECLARED_SELECTOR = YES;
				GCC_WARN_UNINITIALIZED_AUTOS = YES_AGGRESSIVE;
				GCC_WARN_UNUSED_FUNCTION = YES;
				GCC_WARN_UNUSED_VARIABLE = YES;
				IPHONEOS_DEPLOYMENT_TARGET = 9.2;
				MTL_ENABLE_DEBUG_INFO = NO;
				SDKROOT = iphoneos;
				VALIDATE_PRODUCT = YES;
			};
			name = Release;
		};
		8CFD4D781D7D61D600DB8AAA /* Debug */ = {
			isa = XCBuildConfiguration;
			buildSettings = {
				ASSETCATALOG_COMPILER_APPICON_NAME = AppIcon;
				INFOPLIST_FILE = XcodeColorsDemo/Info.plist;
				LD_RUNPATH_SEARCH_PATHS = "$(inherited) @executable_path/Frameworks";
				PRODUCT_BUNDLE_IDENTIFIER = Jentle.zhi.XcodeColorsDemo;
				PRODUCT_NAME = "$(TARGET_NAME)";
			};
			name = Debug;
		};
		8CFD4D791D7D61D600DB8AAA /* Release */ = {
			isa = XCBuildConfiguration;
			buildSettings = {
				ASSETCATALOG_COMPILER_APPICON_NAME = AppIcon;
				INFOPLIST_FILE = XcodeColorsDemo/Info.plist;
				LD_RUNPATH_SEARCH_PATHS = "$(inherited) @executable_path/Frameworks";
				PRODUCT_BUNDLE_IDENTIFIER = Jentle.zhi.XcodeColorsDemo;
				PRODUCT_NAME = "$(TARGET_NAME)";
			};
			name = Release;
		};
		8CFD4D7B1D7D61D600DB8AAA /* Debug */ = {
			isa = XCBuildConfiguration;
			buildSettings = {
				BUNDLE_LOADER = "$(TEST_HOST)";
				INFOPLIST_FILE = XcodeColorsDemoTests/Info.plist;
				LD_RUNPATH_SEARCH_PATHS = "$(inherited) @executable_path/Frameworks @loader_path/Frameworks";
				PRODUCT_BUNDLE_IDENTIFIER = Jentle.zhi.XcodeColorsDemoTests;
				PRODUCT_NAME = "$(TARGET_NAME)";
				TEST_HOST = "$(BUILT_PRODUCTS_DIR)/XcodeColorsDemo.app/XcodeColorsDemo";
			};
			name = Debug;
		};
		8CFD4D7C1D7D61D600DB8AAA /* Release */ = {
			isa = XCBuildConfiguration;
			buildSettings = {
				BUNDLE_LOADER = "$(TEST_HOST)";
				INFOPLIST_FILE = XcodeColorsDemoTests/Info.plist;
				LD_RUNPATH_SEARCH_PATHS = "$(inherited) @executable_path/Frameworks @loader_path/Frameworks";
				PRODUCT_BUNDLE_IDENTIFIER = Jentle.zhi.XcodeColorsDemoTests;
				PRODUCT_NAME = "$(TARGET_NAME)";
				TEST_HOST = "$(BUILT_PRODUCTS_DIR)/XcodeColorsDemo.app/XcodeColorsDemo";
			};
			name = Release;
		};
		8CFD4D7E1D7D61D600DB8AAA /* Debug */ = {
			isa = XCBuildConfiguration;
			buildSettings = {
				INFOPLIST_FILE = XcodeColorsDemoUITests/Info.plist;
				LD_RUNPATH_SEARCH_PATHS = "$(inherited) @executable_path/Frameworks @loader_path/Frameworks";
				PRODUCT_BUNDLE_IDENTIFIER = Jentle.zhi.XcodeColorsDemoUITests;
				PRODUCT_NAME = "$(TARGET_NAME)";
				TEST_TARGET_NAME = XcodeColorsDemo;
				USES_XCTRUNNER = YES;
			};
			name = Debug;
		};
		8CFD4D7F1D7D61D600DB8AAA /* Release */ = {
			isa = XCBuildConfiguration;
			buildSettings = {
				INFOPLIST_FILE = XcodeColorsDemoUITests/Info.plist;
				LD_RUNPATH_SEARCH_PATHS = "$(inherited) @executable_path/Frameworks @loader_path/Frameworks";
				PRODUCT_BUNDLE_IDENTIFIER = Jentle.zhi.XcodeColorsDemoUITests;
				PRODUCT_NAME = "$(TARGET_NAME)";
				TEST_TARGET_NAME = XcodeColorsDemo;
				USES_XCTRUNNER = YES;
			};
			name = Release;
		};
/* End XCBuildConfiguration section */

/* Begin XCConfigurationList section */
		8CFD4D451D7D61D600DB8AAA /* Build configuration list for PBXProject "XcodeColorsDemo" */ = {
			isa = XCConfigurationList;
			buildConfigurations = (
				8CFD4D751D7D61D600DB8AAA /* Debug */,
				8CFD4D761D7D61D600DB8AAA /* Release */,
			);
			defaultConfigurationIsVisible = 0;
			defaultConfigurationName = Release;
		};
		8CFD4D771D7D61D600DB8AAA /* Build configuration list for PBXNativeTarget "XcodeColorsDemo" */ = {
			isa = XCConfigurationList;
			buildConfigurations = (
				8CFD4D781D7D61D600DB8AAA /* Debug */,
				8CFD4D791D7D61D600DB8AAA /* Release */,
			);
			defaultConfigurationIsVisible = 0;
		};
		8CFD4D7A1D7D61D600DB8AAA /* Build configuration list for PBXNativeTarget "XcodeColorsDemoTests" */ = {
			isa = XCConfigurationList;
			buildConfigurations = (
				8CFD4D7B1D7D61D600DB8AAA /* Debug */,
				8CFD4D7C1D7D61D600DB8AAA /* Release */,
			);
			defaultConfigurationIsVisible = 0;
		};
		8CFD4D7D1D7D61D600DB8AAA /* Build configuration list for PBXNativeTarget "XcodeColorsDemoUITests" */ = {
			isa = XCConfigurationList;
			buildConfigurations = (
				8CFD4D7E1D7D61D600DB8AAA /* Debug */,
				8CFD4D7F1D7D61D600DB8AAA /* Release */,
			);
			defaultConfigurationIsVisible = 0;
		};
/* End XCConfigurationList section */
	};
	rootObject = 8CFD4D421D7D61D600DB8AAA /* Project object */;
}
